
Microsoft Visual Studio Solution File, Format Version 12.00
# Visual Studio 15
VisualStudioVersion = 15.0.27130.2020
MinimumVisualStudioVersion = 10.0.40219.1
Project("{888888A0-9F3D-457C-B088-3A5042F75D52}") = "Boring_Stuff_Python", "Boring_Stuff_Python\Boring_Stuff_Python.pyproj", "{61B8DF81-2F17-4FB4-8EF3-737853B6FC0F}"
EndProject
Global
	GlobalSection(SolutionConfigurationPlatforms) = preSolution
		Debug|Any CPU = Debug|Any CPU
		Release|Any CPU = Release|Any CPU
	EndGlobalSection
	GlobalSection(ProjectConfigurationPlatforms) = postSolution
		{61B8DF81-2F17-4FB4-8EF3-737853B6FC0F}.Debug|Any CPU.ActiveCfg = Debug|Any CPU
		{61B8DF81-2F17-4FB4-8EF3-737853B6FC0F}.Release|Any CPU.ActiveCfg = Release|Any CPU
	EndGlobalSection
	GlobalSection(SolutionProperties) = preSolution
		HideSolutionNode = FALSE
	EndGlobalSection
	GlobalSection(ExtensibilityGlobals) = postSolution
		SolutionGuid = {0E8D320D-85C1-47C2-8A02-953183AFCE7C}
	EndGlobalSection
EndGlobal
